// !$*UTF8*$!
{
	archiveVersion = 1;
	classes = {
	};
	objectVersion = 51;
	objects = {

/* Begin PBXBuildFile section */
		8C14B98323A5966200C4FA58 /* AppDelegate.swift in Sources */ = {isa = PBXBuildFile; fileRef = 8C14B98223A5966200C4FA58 /* AppDelegate.swift */; };
		8C14B98523A5966200C4FA58 /* SceneDelegate.swift in Sources */ = {isa = PBXBuildFile; fileRef = 8C14B98423A5966200C4FA58 /* SceneDelegate.swift */; };
		8C14B98723A5966200C4FA58 /* RegistrationVC.swift in Sources */ = {isa = PBXBuildFile; fileRef = 8C14B98623A5966200C4FA58 /* RegistrationVC.swift */; };
		8C14B98A23A5966200C4FA58 /* Main.storyboard in Resources */ = {isa = PBXBuildFile; fileRef = 8C14B98823A5966200C4FA58 /* Main.storyboard */; };
		8C14B98C23A5966300C4FA58 /* Assets.xcassets in Resources */ = {isa = PBXBuildFile; fileRef = 8C14B98B23A5966300C4FA58 /* Assets.xcassets */; };
		8C14B98F23A5966300C4FA58 /* LaunchScreen.storyboard in Resources */ = {isa = PBXBuildFile; fileRef = 8C14B98D23A5966300C4FA58 /* LaunchScreen.storyboard */; };
		8C14B99A23A5966300C4FA58 /* CapmeTests.swift in Sources */ = {isa = PBXBuildFile; fileRef = 8C14B99923A5966300C4FA58 /* CapmeTests.swift */; };
		8C14B9A523A5966300C4FA58 /* CapmeUITests.swift in Sources */ = {isa = PBXBuildFile; fileRef = 8C14B9A423A5966300C4FA58 /* CapmeUITests.swift */; };
		8C14B9B323A59F0F00C4FA58 /* Utilities.swift in Sources */ = {isa = PBXBuildFile; fileRef = 8C14B9B223A59F0F00C4FA58 /* Utilities.swift */; };
		8C14B9B523A59F1E00C4FA58 /* DataModel.swift in Sources */ = {isa = PBXBuildFile; fileRef = 8C14B9B423A59F1E00C4FA58 /* DataModel.swift */; };
		8C14B9B923A5A8BA00C4FA58 /* DiscoverVC.swift in Sources */ = {isa = PBXBuildFile; fileRef = 8C14B9B823A5A8BA00C4FA58 /* DiscoverVC.swift */; };
		8C14B9BB23A5ADA800C4FA58 /* ProfileVC.swift in Sources */ = {isa = PBXBuildFile; fileRef = 8C14B9BA23A5ADA800C4FA58 /* ProfileVC.swift */; };
		8C14B9BD23A5B0B800C4FA58 /* MessagesVC.swift in Sources */ = {isa = PBXBuildFile; fileRef = 8C14B9BC23A5B0B800C4FA58 /* MessagesVC.swift */; };
		8C14B9BF23A5B25200C4FA58 /* MessageTableViewCell.swift in Sources */ = {isa = PBXBuildFile; fileRef = 8C14B9BE23A5B25200C4FA58 /* MessageTableViewCell.swift */; };
		8C14B9C123A5BC6C00C4FA58 /* ProfileCollectionViewCell.swift in Sources */ = {isa = PBXBuildFile; fileRef = 8C14B9C023A5BC6C00C4FA58 /* ProfileCollectionViewCell.swift */; };
		8C14B9C323A5CFC800C4FA58 /* User.swift in Sources */ = {isa = PBXBuildFile; fileRef = 8C14B9C223A5CFC800C4FA58 /* User.swift */; };
		8C14B9C523A5DAA700C4FA58 /* FriendsVC.swift in Sources */ = {isa = PBXBuildFile; fileRef = 8C14B9C423A5DAA700C4FA58 /* FriendsVC.swift */; };
		8C14B9C723A5FF6700C4FA58 /* FriendTableViewCell.swift in Sources */ = {isa = PBXBuildFile; fileRef = 8C14B9C623A5FF6700C4FA58 /* FriendTableViewCell.swift */; };
		8C1E71B123A81D34006352E2 /* RequestsVC.swift in Sources */ = {isa = PBXBuildFile; fileRef = 8C1E71B023A81D34006352E2 /* RequestsVC.swift */; };
		8C1E71B323A84EE5006352E2 /* RequestCollectionViewCell.swift in Sources */ = {isa = PBXBuildFile; fileRef = 8C1E71B223A84EE5006352E2 /* RequestCollectionViewCell.swift */; };
		8C20729823AD8B5A002FA882 /* PostDetailsLowerView.swift in Sources */ = {isa = PBXBuildFile; fileRef = 8C20729723AD8B5A002FA882 /* PostDetailsLowerView.swift */; };
		8C9029B323A7194B00CA465D /* SlidingSegmentedControl.swift in Sources */ = {isa = PBXBuildFile; fileRef = 8C9029B223A7194B00CA465D /* SlidingSegmentedControl.swift */; };
		8C9029B523A74D6F00CA465D /* FriendRequest.swift in Sources */ = {isa = PBXBuildFile; fileRef = 8C9029B423A74D6F00CA465D /* FriendRequest.swift */; };
		8CF5242B23A98DDC0039EBDC /* PostDescriptionVC.swift in Sources */ = {isa = PBXBuildFile; fileRef = 8CF5242A23A98DDC0039EBDC /* PostDescriptionVC.swift */; };
		8CF5242D23A98DF70039EBDC /* PostKeywordsVC.swift in Sources */ = {isa = PBXBuildFile; fileRef = 8CF5242C23A98DF70039EBDC /* PostKeywordsVC.swift */; };
		8CF5242F23A98E130039EBDC /* PostImageVC.swift in Sources */ = {isa = PBXBuildFile; fileRef = 8CF5242E23A98E130039EBDC /* PostImageVC.swift */; };
		8CF5243723A98EFF0039EBDC /* CreateAttributesVC.swift in Sources */ = {isa = PBXBuildFile; fileRef = 8CF5243623A98EFF0039EBDC /* CreateAttributesVC.swift */; };
		8CF5243923A98FBD0039EBDC /* NewAttributes.swift in Sources */ = {isa = PBXBuildFile; fileRef = 8CF5243823A98FBD0039EBDC /* NewAttributes.swift */; };
		8CF5243D23A98FD60039EBDC /* CreatePostVC.swift in Sources */ = {isa = PBXBuildFile; fileRef = 8CF5243C23A98FD60039EBDC /* CreatePostVC.swift */; };
		8CF5243F23A9B8E80039EBDC /* Post.swift in Sources */ = {isa = PBXBuildFile; fileRef = 8CF5243E23A9B8E80039EBDC /* Post.swift */; };
		8CF5244323AA0EAE0039EBDC /* PostHashtagsVC.swift in Sources */ = {isa = PBXBuildFile; fileRef = 8CF5244223AA0EAE0039EBDC /* PostHashtagsVC.swift */; };
		8CF5244523AA1DDF0039EBDC /* PostReviewVC.swift in Sources */ = {isa = PBXBuildFile; fileRef = 8CF5244423AA1DDF0039EBDC /* PostReviewVC.swift */; };
		8CF5244823AC1B730039EBDC /* ChooseFriendsVC.swift in Sources */ = {isa = PBXBuildFile; fileRef = 8CF5244723AC1B730039EBDC /* ChooseFriendsVC.swift */; };
		8CF5244A23ACB1FB0039EBDC /* DiscoverTableViewCell.swift in Sources */ = {isa = PBXBuildFile; fileRef = 8CF5244923ACB1FB0039EBDC /* DiscoverTableViewCell.swift */; };
		D313CA4DD3B4B19E65D831D2 /* Pods_Capme_CapmeUITests.framework in Frameworks */ = {isa = PBXBuildFile; fileRef = C682F27F8DB13310B9A9A13B /* Pods_Capme_CapmeUITests.framework */; };
		F20F698B786CD5A31B89ACAE /* Pods_CapmeTests.framework in Frameworks */ = {isa = PBXBuildFile; fileRef = DEF6FD687CAA7AEF3AE37EAF /* Pods_CapmeTests.framework */; };
		FFC4F5C58537C5E2F2233F44 /* Pods_Capme.framework in Frameworks */ = {isa = PBXBuildFile; fileRef = 663D93E4504B6F8D1C68F8FF /* Pods_Capme.framework */; };
/* End PBXBuildFile section */

/* Begin PBXContainerItemProxy section */
		8C14B99623A5966300C4FA58 /* PBXContainerItemProxy */ = {
			isa = PBXContainerItemProxy;
			containerPortal = 8C14B97723A5966200C4FA58 /* Project object */;
			proxyType = 1;
			remoteGlobalIDString = 8C14B97E23A5966200C4FA58;
			remoteInfo = Capme;
		};
		8C14B9A123A5966300C4FA58 /* PBXContainerItemProxy */ = {
			isa = PBXContainerItemProxy;
			containerPortal = 8C14B97723A5966200C4FA58 /* Project object */;
			proxyType = 1;
			remoteGlobalIDString = 8C14B97E23A5966200C4FA58;
			remoteInfo = Capme;
		};
/* End PBXContainerItemProxy section */

/* Begin PBXFileReference section */
		663D93E4504B6F8D1C68F8FF /* Pods_Capme.framework */ = {isa = PBXFileReference; explicitFileType = wrapper.framework; includeInIndex = 0; path = Pods_Capme.framework; sourceTree = BUILT_PRODUCTS_DIR; };
		70B2B02633719DADC0106CBA /* Pods-Capme.release.xcconfig */ = {isa = PBXFileReference; includeInIndex = 1; lastKnownFileType = text.xcconfig; name = "Pods-Capme.release.xcconfig"; path = "Target Support Files/Pods-Capme/Pods-Capme.release.xcconfig"; sourceTree = "<group>"; };
		8C14B97F23A5966200C4FA58 /* Capme.app */ = {isa = PBXFileReference; explicitFileType = wrapper.application; includeInIndex = 0; path = Capme.app; sourceTree = BUILT_PRODUCTS_DIR; };
		8C14B98223A5966200C4FA58 /* AppDelegate.swift */ = {isa = PBXFileReference; lastKnownFileType = sourcecode.swift; path = AppDelegate.swift; sourceTree = "<group>"; };
		8C14B98423A5966200C4FA58 /* SceneDelegate.swift */ = {isa = PBXFileReference; lastKnownFileType = sourcecode.swift; path = SceneDelegate.swift; sourceTree = "<group>"; };
		8C14B98623A5966200C4FA58 /* RegistrationVC.swift */ = {isa = PBXFileReference; lastKnownFileType = sourcecode.swift; path = RegistrationVC.swift; sourceTree = "<group>"; };
		8C14B98923A5966200C4FA58 /* Base */ = {isa = PBXFileReference; lastKnownFileType = file.storyboard; name = Base; path = Base.lproj/Main.storyboard; sourceTree = "<group>"; };
		8C14B98B23A5966300C4FA58 /* Assets.xcassets */ = {isa = PBXFileReference; lastKnownFileType = folder.assetcatalog; path = Assets.xcassets; sourceTree = "<group>"; };
		8C14B98E23A5966300C4FA58 /* Base */ = {isa = PBXFileReference; lastKnownFileType = file.storyboard; name = Base; path = Base.lproj/LaunchScreen.storyboard; sourceTree = "<group>"; };
		8C14B99023A5966300C4FA58 /* Info.plist */ = {isa = PBXFileReference; lastKnownFileType = text.plist.xml; path = Info.plist; sourceTree = "<group>"; };
		8C14B99523A5966300C4FA58 /* CapmeTests.xctest */ = {isa = PBXFileReference; explicitFileType = wrapper.cfbundle; includeInIndex = 0; path = CapmeTests.xctest; sourceTree = BUILT_PRODUCTS_DIR; };
		8C14B99923A5966300C4FA58 /* CapmeTests.swift */ = {isa = PBXFileReference; lastKnownFileType = sourcecode.swift; path = CapmeTests.swift; sourceTree = "<group>"; };
		8C14B99B23A5966300C4FA58 /* Info.plist */ = {isa = PBXFileReference; lastKnownFileType = text.plist.xml; path = Info.plist; sourceTree = "<group>"; };
		8C14B9A023A5966300C4FA58 /* CapmeUITests.xctest */ = {isa = PBXFileReference; explicitFileType = wrapper.cfbundle; includeInIndex = 0; path = CapmeUITests.xctest; sourceTree = BUILT_PRODUCTS_DIR; };
		8C14B9A423A5966300C4FA58 /* CapmeUITests.swift */ = {isa = PBXFileReference; lastKnownFileType = sourcecode.swift; path = CapmeUITests.swift; sourceTree = "<group>"; };
		8C14B9A623A5966300C4FA58 /* Info.plist */ = {isa = PBXFileReference; lastKnownFileType = text.plist.xml; path = Info.plist; sourceTree = "<group>"; };
		8C14B9B223A59F0F00C4FA58 /* Utilities.swift */ = {isa = PBXFileReference; lastKnownFileType = sourcecode.swift; path = Utilities.swift; sourceTree = "<group>"; };
		8C14B9B423A59F1E00C4FA58 /* DataModel.swift */ = {isa = PBXFileReference; lastKnownFileType = sourcecode.swift; path = DataModel.swift; sourceTree = "<group>"; };
		8C14B9B823A5A8BA00C4FA58 /* DiscoverVC.swift */ = {isa = PBXFileReference; lastKnownFileType = sourcecode.swift; path = DiscoverVC.swift; sourceTree = "<group>"; };
		8C14B9BA23A5ADA800C4FA58 /* ProfileVC.swift */ = {isa = PBXFileReference; lastKnownFileType = sourcecode.swift; path = ProfileVC.swift; sourceTree = "<group>"; };
		8C14B9BC23A5B0B800C4FA58 /* MessagesVC.swift */ = {isa = PBXFileReference; lastKnownFileType = sourcecode.swift; path = MessagesVC.swift; sourceTree = "<group>"; };
		8C14B9BE23A5B25200C4FA58 /* MessageTableViewCell.swift */ = {isa = PBXFileReference; lastKnownFileType = sourcecode.swift; path = MessageTableViewCell.swift; sourceTree = "<group>"; };
		8C14B9C023A5BC6C00C4FA58 /* ProfileCollectionViewCell.swift */ = {isa = PBXFileReference; lastKnownFileType = sourcecode.swift; path = ProfileCollectionViewCell.swift; sourceTree = "<group>"; };
		8C14B9C223A5CFC800C4FA58 /* User.swift */ = {isa = PBXFileReference; lastKnownFileType = sourcecode.swift; path = User.swift; sourceTree = "<group>"; };
		8C14B9C423A5DAA700C4FA58 /* FriendsVC.swift */ = {isa = PBXFileReference; lastKnownFileType = sourcecode.swift; path = FriendsVC.swift; sourceTree = "<group>"; };
		8C14B9C623A5FF6700C4FA58 /* FriendTableViewCell.swift */ = {isa = PBXFileReference; lastKnownFileType = sourcecode.swift; path = FriendTableViewCell.swift; sourceTree = "<group>"; };
		8C1E71B023A81D34006352E2 /* RequestsVC.swift */ = {isa = PBXFileReference; lastKnownFileType = sourcecode.swift; path = RequestsVC.swift; sourceTree = "<group>"; };
		8C1E71B223A84EE5006352E2 /* RequestCollectionViewCell.swift */ = {isa = PBXFileReference; lastKnownFileType = sourcecode.swift; path = RequestCollectionViewCell.swift; sourceTree = "<group>"; };
		8C20729723AD8B5A002FA882 /* PostDetailsLowerView.swift */ = {isa = PBXFileReference; lastKnownFileType = sourcecode.swift; path = PostDetailsLowerView.swift; sourceTree = "<group>"; };
		8C9029B223A7194B00CA465D /* SlidingSegmentedControl.swift */ = {isa = PBXFileReference; lastKnownFileType = sourcecode.swift; path = SlidingSegmentedControl.swift; sourceTree = "<group>"; };
		8C9029B423A74D6F00CA465D /* FriendRequest.swift */ = {isa = PBXFileReference; lastKnownFileType = sourcecode.swift; path = FriendRequest.swift; sourceTree = "<group>"; };
		8CF5242A23A98DDC0039EBDC /* PostDescriptionVC.swift */ = {isa = PBXFileReference; lastKnownFileType = sourcecode.swift; path = PostDescriptionVC.swift; sourceTree = "<group>"; };
		8CF5242C23A98DF70039EBDC /* PostKeywordsVC.swift */ = {isa = PBXFileReference; lastKnownFileType = sourcecode.swift; path = PostKeywordsVC.swift; sourceTree = "<group>"; };
		8CF5242E23A98E130039EBDC /* PostImageVC.swift */ = {isa = PBXFileReference; lastKnownFileType = sourcecode.swift; path = PostImageVC.swift; sourceTree = "<group>"; };
		8CF5243623A98EFF0039EBDC /* CreateAttributesVC.swift */ = {isa = PBXFileReference; lastKnownFileType = sourcecode.swift; path = CreateAttributesVC.swift; sourceTree = "<group>"; };
		8CF5243823A98FBD0039EBDC /* NewAttributes.swift */ = {isa = PBXFileReference; lastKnownFileType = sourcecode.swift; path = NewAttributes.swift; sourceTree = "<group>"; };
		8CF5243C23A98FD60039EBDC /* CreatePostVC.swift */ = {isa = PBXFileReference; lastKnownFileType = sourcecode.swift; path = CreatePostVC.swift; sourceTree = "<group>"; };
		8CF5243E23A9B8E80039EBDC /* Post.swift */ = {isa = PBXFileReference; lastKnownFileType = sourcecode.swift; path = Post.swift; sourceTree = "<group>"; };
		8CF5244223AA0EAE0039EBDC /* PostHashtagsVC.swift */ = {isa = PBXFileReference; lastKnownFileType = sourcecode.swift; path = PostHashtagsVC.swift; sourceTree = "<group>"; };
		8CF5244423AA1DDF0039EBDC /* PostReviewVC.swift */ = {isa = PBXFileReference; lastKnownFileType = sourcecode.swift; path = PostReviewVC.swift; sourceTree = "<group>"; };
		8CF5244723AC1B730039EBDC /* ChooseFriendsVC.swift */ = {isa = PBXFileReference; lastKnownFileType = sourcecode.swift; path = ChooseFriendsVC.swift; sourceTree = "<group>"; };
		8CF5244923ACB1FB0039EBDC /* DiscoverTableViewCell.swift */ = {isa = PBXFileReference; lastKnownFileType = sourcecode.swift; path = DiscoverTableViewCell.swift; sourceTree = "<group>"; };
		919ED97A427637D1B68F5761 /* Pods-CapmeTests.release.xcconfig */ = {isa = PBXFileReference; includeInIndex = 1; lastKnownFileType = text.xcconfig; name = "Pods-CapmeTests.release.xcconfig"; path = "Target Support Files/Pods-CapmeTests/Pods-CapmeTests.release.xcconfig"; sourceTree = "<group>"; };
		BCF4157331C7ABA7E6C4DE8B /* Pods-Capme-CapmeUITests.debug.xcconfig */ = {isa = PBXFileReference; includeInIndex = 1; lastKnownFileType = text.xcconfig; name = "Pods-Capme-CapmeUITests.debug.xcconfig"; path = "Target Support Files/Pods-Capme-CapmeUITests/Pods-Capme-CapmeUITests.debug.xcconfig"; sourceTree = "<group>"; };
		C682F27F8DB13310B9A9A13B /* Pods_Capme_CapmeUITests.framework */ = {isa = PBXFileReference; explicitFileType = wrapper.framework; includeInIndex = 0; path = Pods_Capme_CapmeUITests.framework; sourceTree = BUILT_PRODUCTS_DIR; };
		DEF6FD687CAA7AEF3AE37EAF /* Pods_CapmeTests.framework */ = {isa = PBXFileReference; explicitFileType = wrapper.framework; includeInIndex = 0; path = Pods_CapmeTests.framework; sourceTree = BUILT_PRODUCTS_DIR; };
		E121FA960D3D9A7A3F4D8F10 /* Pods-Capme-CapmeUITests.release.xcconfig */ = {isa = PBXFileReference; includeInIndex = 1; lastKnownFileType = text.xcconfig; name = "Pods-Capme-CapmeUITests.release.xcconfig"; path = "Target Support Files/Pods-Capme-CapmeUITests/Pods-Capme-CapmeUITests.release.xcconfig"; sourceTree = "<group>"; };
		F17E8551F081399E2D0BFF69 /* Pods-Capme.debug.xcconfig */ = {isa = PBXFileReference; includeInIndex = 1; lastKnownFileType = text.xcconfig; name = "Pods-Capme.debug.xcconfig"; path = "Target Support Files/Pods-Capme/Pods-Capme.debug.xcconfig"; sourceTree = "<group>"; };
		FE9108EDDCDC7551790A8120 /* Pods-CapmeTests.debug.xcconfig */ = {isa = PBXFileReference; includeInIndex = 1; lastKnownFileType = text.xcconfig; name = "Pods-CapmeTests.debug.xcconfig"; path = "Target Support Files/Pods-CapmeTests/Pods-CapmeTests.debug.xcconfig"; sourceTree = "<group>"; };
/* End PBXFileReference section */

/* Begin PBXFrameworksBuildPhase section */
		8C14B97C23A5966200C4FA58 /* Frameworks */ = {
			isa = PBXFrameworksBuildPhase;
			buildActionMask = 2147483647;
			files = (
				FFC4F5C58537C5E2F2233F44 /* Pods_Capme.framework in Frameworks */,
			);
			runOnlyForDeploymentPostprocessing = 0;
		};
		8C14B99223A5966300C4FA58 /* Frameworks */ = {
			isa = PBXFrameworksBuildPhase;
			buildActionMask = 2147483647;
			files = (
				F20F698B786CD5A31B89ACAE /* Pods_CapmeTests.framework in Frameworks */,
			);
			runOnlyForDeploymentPostprocessing = 0;
		};
		8C14B99D23A5966300C4FA58 /* Frameworks */ = {
			isa = PBXFrameworksBuildPhase;
			buildActionMask = 2147483647;
			files = (
				D313CA4DD3B4B19E65D831D2 /* Pods_Capme_CapmeUITests.framework in Frameworks */,
			);
			runOnlyForDeploymentPostprocessing = 0;
		};
/* End PBXFrameworksBuildPhase section */

/* Begin PBXGroup section */
		8C14B97623A5966200C4FA58 = {
			isa = PBXGroup;
			children = (
				8C14B98123A5966200C4FA58 /* Capme */,
				8C14B99823A5966300C4FA58 /* CapmeTests */,
				8C14B9A323A5966300C4FA58 /* CapmeUITests */,
				8C14B98023A5966200C4FA58 /* Products */,
				DABDD814A66BED7DA8768950 /* Pods */,
				AC9E396CC04BD28D50C14B58 /* Frameworks */,
			);
			sourceTree = "<group>";
		};
		8C14B98023A5966200C4FA58 /* Products */ = {
			isa = PBXGroup;
			children = (
				8C14B97F23A5966200C4FA58 /* Capme.app */,
				8C14B99523A5966300C4FA58 /* CapmeTests.xctest */,
				8C14B9A023A5966300C4FA58 /* CapmeUITests.xctest */,
			);
			name = Products;
			sourceTree = "<group>";
		};
		8C14B98123A5966200C4FA58 /* Capme */ = {
			isa = PBXGroup;
			children = (
				8C14B98223A5966200C4FA58 /* AppDelegate.swift */,
				8C1E71B423A84F5B006352E2 /* UI Classes */,
				8C3EFE2823A867C400039B01 /* VC Classes */,
				8C14B9B723A5A89200C4FA58 /* Registration */,
				8C14B9B623A5A88600C4FA58 /* DataClasses */,
				8C14B98823A5966200C4FA58 /* Main.storyboard */,
				8C14B98B23A5966300C4FA58 /* Assets.xcassets */,
				8C14B99023A5966300C4FA58 /* Info.plist */,
			);
			path = Capme;
			sourceTree = "<group>";
		};
		8C14B99823A5966300C4FA58 /* CapmeTests */ = {
			isa = PBXGroup;
			children = (
				8C14B99923A5966300C4FA58 /* CapmeTests.swift */,
				8C14B99B23A5966300C4FA58 /* Info.plist */,
			);
			path = CapmeTests;
			sourceTree = "<group>";
		};
		8C14B9A323A5966300C4FA58 /* CapmeUITests */ = {
			isa = PBXGroup;
			children = (
				8C14B9A423A5966300C4FA58 /* CapmeUITests.swift */,
				8C14B9A623A5966300C4FA58 /* Info.plist */,
			);
			path = CapmeUITests;
			sourceTree = "<group>";
		};
		8C14B9B623A5A88600C4FA58 /* DataClasses */ = {
			isa = PBXGroup;
			children = (
				8C14B9C223A5CFC800C4FA58 /* User.swift */,
				8CF5243E23A9B8E80039EBDC /* Post.swift */,
				8C9029B423A74D6F00CA465D /* FriendRequest.swift */,
				8C14B9B223A59F0F00C4FA58 /* Utilities.swift */,
				8C14B9B423A59F1E00C4FA58 /* DataModel.swift */,
			);
			path = DataClasses;
			sourceTree = "<group>";
		};
		8C14B9B723A5A89200C4FA58 /* Registration */ = {
			isa = PBXGroup;
			children = (
				8C14B98D23A5966300C4FA58 /* LaunchScreen.storyboard */,
				8C14B98623A5966200C4FA58 /* RegistrationVC.swift */,
			);
			path = Registration;
			sourceTree = "<group>";
		};
		8C1E71B423A84F5B006352E2 /* UI Classes */ = {
			isa = PBXGroup;
			children = (
				8CF5243823A98FBD0039EBDC /* NewAttributes.swift */,
				8C20729723AD8B5A002FA882 /* PostDetailsLowerView.swift */,
				8CF5244923ACB1FB0039EBDC /* DiscoverTableViewCell.swift */,
				8C14B98423A5966200C4FA58 /* SceneDelegate.swift */,
				8C9029B223A7194B00CA465D /* SlidingSegmentedControl.swift */,
				8C1E71B223A84EE5006352E2 /* RequestCollectionViewCell.swift */,
				8C14B9BE23A5B25200C4FA58 /* MessageTableViewCell.swift */,
				8C14B9C623A5FF6700C4FA58 /* FriendTableViewCell.swift */,
				8C14B9C023A5BC6C00C4FA58 /* ProfileCollectionViewCell.swift */,
			);
			path = "UI Classes";
			sourceTree = "<group>";
		};
		8C3EFE2823A867C400039B01 /* VC Classes */ = {
			isa = PBXGroup;
			children = (
				8CF5243623A98EFF0039EBDC /* CreateAttributesVC.swift */,
				8CF5243C23A98FD60039EBDC /* CreatePostVC.swift */,
				8C14B9B823A5A8BA00C4FA58 /* DiscoverVC.swift */,
				8C14B9BC23A5B0B800C4FA58 /* MessagesVC.swift */,
				8CF5244623ABEBB00039EBDC /* Create Post */,
				8C14B9BA23A5ADA800C4FA58 /* ProfileVC.swift */,
				8C14B9C423A5DAA700C4FA58 /* FriendsVC.swift */,
				8C1E71B023A81D34006352E2 /* RequestsVC.swift */,
			);
			path = "VC Classes";
			sourceTree = "<group>";
		};
		8CF5244623ABEBB00039EBDC /* Create Post */ = {
			isa = PBXGroup;
			children = (
				8CF5242A23A98DDC0039EBDC /* PostDescriptionVC.swift */,
				8CF5242E23A98E130039EBDC /* PostImageVC.swift */,
				8CF5244223AA0EAE0039EBDC /* PostHashtagsVC.swift */,
				8CF5242C23A98DF70039EBDC /* PostKeywordsVC.swift */,
				8CF5244723AC1B730039EBDC /* ChooseFriendsVC.swift */,
				8CF5244423AA1DDF0039EBDC /* PostReviewVC.swift */,
			);
			path = "Create Post";
			sourceTree = "<group>";
		};
		AC9E396CC04BD28D50C14B58 /* Frameworks */ = {
			isa = PBXGroup;
			children = (
				663D93E4504B6F8D1C68F8FF /* Pods_Capme.framework */,
				C682F27F8DB13310B9A9A13B /* Pods_Capme_CapmeUITests.framework */,
				DEF6FD687CAA7AEF3AE37EAF /* Pods_CapmeTests.framework */,
			);
			name = Frameworks;
			sourceTree = "<group>";
		};
		DABDD814A66BED7DA8768950 /* Pods */ = {
			isa = PBXGroup;
			children = (
				F17E8551F081399E2D0BFF69 /* Pods-Capme.debug.xcconfig */,
				70B2B02633719DADC0106CBA /* Pods-Capme.release.xcconfig */,
				BCF4157331C7ABA7E6C4DE8B /* Pods-Capme-CapmeUITests.debug.xcconfig */,
				E121FA960D3D9A7A3F4D8F10 /* Pods-Capme-CapmeUITests.release.xcconfig */,
				FE9108EDDCDC7551790A8120 /* Pods-CapmeTests.debug.xcconfig */,
				919ED97A427637D1B68F5761 /* Pods-CapmeTests.release.xcconfig */,
			);
			path = Pods;
			sourceTree = "<group>";
		};
/* End PBXGroup section */

/* Begin PBXNativeTarget section */
		8C14B97E23A5966200C4FA58 /* Capme */ = {
			isa = PBXNativeTarget;
			buildConfigurationList = 8C14B9A923A5966300C4FA58 /* Build configuration list for PBXNativeTarget "Capme" */;
			buildPhases = (
				2A816F3A9EC3BC747CD5D3CA /* [CP] Check Pods Manifest.lock */,
				8C14B97B23A5966200C4FA58 /* Sources */,
				8C14B97C23A5966200C4FA58 /* Frameworks */,
				8C14B97D23A5966200C4FA58 /* Resources */,
				BA5DEA8A0167998489795844 /* [CP] Embed Pods Frameworks */,
			);
			buildRules = (
			);
			dependencies = (
			);
			name = Capme;
			productName = Capme;
			productReference = 8C14B97F23A5966200C4FA58 /* Capme.app */;
			productType = "com.apple.product-type.application";
		};
		8C14B99423A5966300C4FA58 /* CapmeTests */ = {
			isa = PBXNativeTarget;
			buildConfigurationList = 8C14B9AC23A5966300C4FA58 /* Build configuration list for PBXNativeTarget "CapmeTests" */;
			buildPhases = (
				5BEB7C3CEF5C88FDC3B86B2C /* [CP] Check Pods Manifest.lock */,
				8C14B99123A5966300C4FA58 /* Sources */,
				8C14B99223A5966300C4FA58 /* Frameworks */,
				8C14B99323A5966300C4FA58 /* Resources */,
			);
			buildRules = (
			);
			dependencies = (
				8C14B99723A5966300C4FA58 /* PBXTargetDependency */,
			);
			name = CapmeTests;
			productName = CapmeTests;
			productReference = 8C14B99523A5966300C4FA58 /* CapmeTests.xctest */;
			productType = "com.apple.product-type.bundle.unit-test";
		};
		8C14B99F23A5966300C4FA58 /* CapmeUITests */ = {
			isa = PBXNativeTarget;
			buildConfigurationList = 8C14B9AF23A5966300C4FA58 /* Build configuration list for PBXNativeTarget "CapmeUITests" */;
			buildPhases = (
				6AAE6F36A43251C82231B6E0 /* [CP] Check Pods Manifest.lock */,
				8C14B99C23A5966300C4FA58 /* Sources */,
				8C14B99D23A5966300C4FA58 /* Frameworks */,
				8C14B99E23A5966300C4FA58 /* Resources */,
				5B01A5AFF02BC1966D47FD58 /* [CP] Embed Pods Frameworks */,
			);
			buildRules = (
			);
			dependencies = (
				8C14B9A223A5966300C4FA58 /* PBXTargetDependency */,
			);
			name = CapmeUITests;
			productName = CapmeUITests;
			productReference = 8C14B9A023A5966300C4FA58 /* CapmeUITests.xctest */;
			productType = "com.apple.product-type.bundle.ui-testing";
		};
/* End PBXNativeTarget section */

/* Begin PBXProject section */
		8C14B97723A5966200C4FA58 /* Project object */ = {
			isa = PBXProject;
			attributes = {
				LastSwiftUpdateCheck = 1130;
				LastUpgradeCheck = 1130;
				ORGANIZATIONNAME = "Gabe Wilson";
				TargetAttributes = {
					8C14B97E23A5966200C4FA58 = {
						CreatedOnToolsVersion = 11.3;
					};
					8C14B99423A5966300C4FA58 = {
						CreatedOnToolsVersion = 11.3;
						TestTargetID = 8C14B97E23A5966200C4FA58;
					};
					8C14B99F23A5966300C4FA58 = {
						CreatedOnToolsVersion = 11.3;
						TestTargetID = 8C14B97E23A5966200C4FA58;
					};
				};
			};
			buildConfigurationList = 8C14B97A23A5966200C4FA58 /* Build configuration list for PBXProject "Capme" */;
			compatibilityVersion = "Xcode 9.3";
			developmentRegion = en;
			hasScannedForEncodings = 0;
			knownRegions = (
				en,
				Base,
			);
			mainGroup = 8C14B97623A5966200C4FA58;
			productRefGroup = 8C14B98023A5966200C4FA58 /* Products */;
			projectDirPath = "";
			projectRoot = "";
			targets = (
				8C14B97E23A5966200C4FA58 /* Capme */,
				8C14B99423A5966300C4FA58 /* CapmeTests */,
				8C14B99F23A5966300C4FA58 /* CapmeUITests */,
			);
		};
/* End PBXProject section */

/* Begin PBXResourcesBuildPhase section */
		8C14B97D23A5966200C4FA58 /* Resources */ = {
			isa = PBXResourcesBuildPhase;
			buildActionMask = 2147483647;
			files = (
				8C14B98F23A5966300C4FA58 /* LaunchScreen.storyboard in Resources */,
				8C14B98C23A5966300C4FA58 /* Assets.xcassets in Resources */,
				8C14B98A23A5966200C4FA58 /* Main.storyboard in Resources */,
			);
			runOnlyForDeploymentPostprocessing = 0;
		};
		8C14B99323A5966300C4FA58 /* Resources */ = {
			isa = PBXResourcesBuildPhase;
			buildActionMask = 2147483647;
			files = (
			);
			runOnlyForDeploymentPostprocessing = 0;
		};
		8C14B99E23A5966300C4FA58 /* Resources */ = {
			isa = PBXResourcesBuildPhase;
			buildActionMask = 2147483647;
			files = (
			);
			runOnlyForDeploymentPostprocessing = 0;
		};
/* End PBXResourcesBuildPhase section */

/* Begin PBXShellScriptBuildPhase section */
		2A816F3A9EC3BC747CD5D3CA /* [CP] Check Pods Manifest.lock */ = {
			isa = PBXShellScriptBuildPhase;
			buildActionMask = 2147483647;
			files = (
			);
			inputFileListPaths = (
			);
			inputPaths = (
				"${PODS_PODFILE_DIR_PATH}/Podfile.lock",
				"${PODS_ROOT}/Manifest.lock",
			);
			name = "[CP] Check Pods Manifest.lock";
			outputFileListPaths = (
			);
			outputPaths = (
				"$(DERIVED_FILE_DIR)/Pods-Capme-checkManifestLockResult.txt",
			);
			runOnlyForDeploymentPostprocessing = 0;
			shellPath = /bin/sh;
			shellScript = "diff \"${PODS_PODFILE_DIR_PATH}/Podfile.lock\" \"${PODS_ROOT}/Manifest.lock\" > /dev/null\nif [ $? != 0 ] ; then\n    # print error to STDERR\n    echo \"error: The sandbox is not in sync with the Podfile.lock. Run 'pod install' or update your CocoaPods installation.\" >&2\n    exit 1\nfi\n# This output is used by Xcode 'outputs' to avoid re-running this script phase.\necho \"SUCCESS\" > \"${SCRIPT_OUTPUT_FILE_0}\"\n";
			showEnvVarsInLog = 0;
		};
		5B01A5AFF02BC1966D47FD58 /* [CP] Embed Pods Frameworks */ = {
			isa = PBXShellScriptBuildPhase;
			buildActionMask = 2147483647;
			files = (
			);
			inputFileListPaths = (
				"${PODS_ROOT}/Target Support Files/Pods-Capme-CapmeUITests/Pods-Capme-CapmeUITests-frameworks-${CONFIGURATION}-input-files.xcfilelist",
			);
			name = "[CP] Embed Pods Frameworks";
			outputFileListPaths = (
				"${PODS_ROOT}/Target Support Files/Pods-Capme-CapmeUITests/Pods-Capme-CapmeUITests-frameworks-${CONFIGURATION}-output-files.xcfilelist",
			);
			runOnlyForDeploymentPostprocessing = 0;
			shellPath = /bin/sh;
			shellScript = "\"${PODS_ROOT}/Target Support Files/Pods-Capme-CapmeUITests/Pods-Capme-CapmeUITests-frameworks.sh\"\n";
			showEnvVarsInLog = 0;
		};
		5BEB7C3CEF5C88FDC3B86B2C /* [CP] Check Pods Manifest.lock */ = {
			isa = PBXShellScriptBuildPhase;
			buildActionMask = 2147483647;
			files = (
			);
			inputFileListPaths = (
			);
			inputPaths = (
				"${PODS_PODFILE_DIR_PATH}/Podfile.lock",
				"${PODS_ROOT}/Manifest.lock",
			);
			name = "[CP] Check Pods Manifest.lock";
			outputFileListPaths = (
			);
			outputPaths = (
				"$(DERIVED_FILE_DIR)/Pods-CapmeTests-checkManifestLockResult.txt",
			);
			runOnlyForDeploymentPostprocessing = 0;
			shellPath = /bin/sh;
			shellScript = "diff \"${PODS_PODFILE_DIR_PATH}/Podfile.lock\" \"${PODS_ROOT}/Manifest.lock\" > /dev/null\nif [ $? != 0 ] ; then\n    # print error to STDERR\n    echo \"error: The sandbox is not in sync with the Podfile.lock. Run 'pod install' or update your CocoaPods installation.\" >&2\n    exit 1\nfi\n# This output is used by Xcode 'outputs' to avoid re-running this script phase.\necho \"SUCCESS\" > \"${SCRIPT_OUTPUT_FILE_0}\"\n";
			showEnvVarsInLog = 0;
		};
		6AAE6F36A43251C82231B6E0 /* [CP] Check Pods Manifest.lock */ = {
			isa = PBXShellScriptBuildPhase;
			buildActionMask = 2147483647;
			files = (
			);
			inputFileListPaths = (
			);
			inputPaths = (
				"${PODS_PODFILE_DIR_PATH}/Podfile.lock",
				"${PODS_ROOT}/Manifest.lock",
			);
			name = "[CP] Check Pods Manifest.lock";
			outputFileListPaths = (
			);
			outputPaths = (
				"$(DERIVED_FILE_DIR)/Pods-Capme-CapmeUITests-checkManifestLockResult.txt",
			);
			runOnlyForDeploymentPostprocessing = 0;
			shellPath = /bin/sh;
			shellScript = "diff \"${PODS_PODFILE_DIR_PATH}/Podfile.lock\" \"${PODS_ROOT}/Manifest.lock\" > /dev/null\nif [ $? != 0 ] ; then\n    # print error to STDERR\n    echo \"error: The sandbox is not in sync with the Podfile.lock. Run 'pod install' or update your CocoaPods installation.\" >&2\n    exit 1\nfi\n# This output is used by Xcode 'outputs' to avoid re-running this script phase.\necho \"SUCCESS\" > \"${SCRIPT_OUTPUT_FILE_0}\"\n";
			showEnvVarsInLog = 0;
		};
		BA5DEA8A0167998489795844 /* [CP] Embed Pods Frameworks */ = {
			isa = PBXShellScriptBuildPhase;
			buildActionMask = 2147483647;
			files = (
			);
			inputFileListPaths = (
				"${PODS_ROOT}/Target Support Files/Pods-Capme/Pods-Capme-frameworks-${CONFIGURATION}-input-files.xcfilelist",
			);
			name = "[CP] Embed Pods Frameworks";
			outputFileListPaths = (
				"${PODS_ROOT}/Target Support Files/Pods-Capme/Pods-Capme-frameworks-${CONFIGURATION}-output-files.xcfilelist",
			);
			runOnlyForDeploymentPostprocessing = 0;
			shellPath = /bin/sh;
			shellScript = "\"${PODS_ROOT}/Target Support Files/Pods-Capme/Pods-Capme-frameworks.sh\"\n";
			showEnvVarsInLog = 0;
		};
/* End PBXShellScriptBuildPhase section */

/* Begin PBXSourcesBuildPhase section */
		8C14B97B23A5966200C4FA58 /* Sources */ = {
			isa = PBXSourcesBuildPhase;
			buildActionMask = 2147483647;
			files = (
				8C1E71B123A81D34006352E2 /* RequestsVC.swift in Sources */,
				8C1E71B323A84EE5006352E2 /* RequestCollectionViewCell.swift in Sources */,
				8C14B9B923A5A8BA00C4FA58 /* DiscoverVC.swift in Sources */,
				8CF5243F23A9B8E80039EBDC /* Post.swift in Sources */,
				8C14B9B523A59F1E00C4FA58 /* DataModel.swift in Sources */,
				8C14B9C523A5DAA700C4FA58 /* FriendsVC.swift in Sources */,
				8C14B9BF23A5B25200C4FA58 /* MessageTableViewCell.swift in Sources */,
				8C14B9BB23A5ADA800C4FA58 /* ProfileVC.swift in Sources */,
				8C14B9C123A5BC6C00C4FA58 /* ProfileCollectionViewCell.swift in Sources */,
				8C14B98723A5966200C4FA58 /* RegistrationVC.swift in Sources */,
				8CF5244323AA0EAE0039EBDC /* PostHashtagsVC.swift in Sources */,
				8CF5244A23ACB1FB0039EBDC /* DiscoverTableViewCell.swift in Sources */,
				8CF5242B23A98DDC0039EBDC /* PostDescriptionVC.swift in Sources */,
				8C20729823AD8B5A002FA882 /* PostDetailsLowerView.swift in Sources */,
				8C14B9C723A5FF6700C4FA58 /* FriendTableViewCell.swift in Sources */,
				8CF5243923A98FBD0039EBDC /* NewAttributes.swift in Sources */,
				8C14B9BD23A5B0B800C4FA58 /* MessagesVC.swift in Sources */,
				8C14B98323A5966200C4FA58 /* AppDelegate.swift in Sources */,
				8C14B9B323A59F0F00C4FA58 /* Utilities.swift in Sources */,
				8CF5243723A98EFF0039EBDC /* CreateAttributesVC.swift in Sources */,
				8CF5244523AA1DDF0039EBDC /* PostReviewVC.swift in Sources */,
				8CF5244823AC1B730039EBDC /* ChooseFriendsVC.swift in Sources */,
				8CF5242D23A98DF70039EBDC /* PostKeywordsVC.swift in Sources */,
				8CF5243D23A98FD60039EBDC /* CreatePostVC.swift in Sources */,
				8C9029B523A74D6F00CA465D /* FriendRequest.swift in Sources */,
				8C14B98523A5966200C4FA58 /* SceneDelegate.swift in Sources */,
				8C14B9C323A5CFC800C4FA58 /* User.swift in Sources */,
				8CF5242F23A98E130039EBDC /* PostImageVC.swift in Sources */,
				8C9029B323A7194B00CA465D /* SlidingSegmentedControl.swift in Sources */,
			);
			runOnlyForDeploymentPostprocessing = 0;
		};
		8C14B99123A5966300C4FA58 /* Sources */ = {
			isa = PBXSourcesBuildPhase;
			buildActionMask = 2147483647;
			files = (
				8C14B99A23A5966300C4FA58 /* CapmeTests.swift in Sources */,
			);
			runOnlyForDeploymentPostprocessing = 0;
		};
		8C14B99C23A5966300C4FA58 /* Sources */ = {
			isa = PBXSourcesBuildPhase;
			buildActionMask = 2147483647;
			files = (
				8C14B9A523A5966300C4FA58 /* CapmeUITests.swift in Sources */,
			);
			runOnlyForDeploymentPostprocessing = 0;
		};
/* End PBXSourcesBuildPhase section */

/* Begin PBXTargetDependency section */
		8C14B99723A5966300C4FA58 /* PBXTargetDependency */ = {
			isa = PBXTargetDependency;
			target = 8C14B97E23A5966200C4FA58 /* Capme */;
			targetProxy = 8C14B99623A5966300C4FA58 /* PBXContainerItemProxy */;
		};
		8C14B9A223A5966300C4FA58 /* PBXTargetDependency */ = {
			isa = PBXTargetDependency;
			target = 8C14B97E23A5966200C4FA58 /* Capme */;
			targetProxy = 8C14B9A123A5966300C4FA58 /* PBXContainerItemProxy */;
		};
/* End PBXTargetDependency section */

/* Begin PBXVariantGroup section */
		8C14B98823A5966200C4FA58 /* Main.storyboard */ = {
			isa = PBXVariantGroup;
			children = (
				8C14B98923A5966200C4FA58 /* Base */,
			);
			name = Main.storyboard;
			sourceTree = "<group>";
		};
		8C14B98D23A5966300C4FA58 /* LaunchScreen.storyboard */ = {
			isa = PBXVariantGroup;
			children = (
				8C14B98E23A5966300C4FA58 /* Base */,
			);
			name = LaunchScreen.storyboard;
			sourceTree = "<group>";
		};
/* End PBXVariantGroup section */

/* Begin XCBuildConfiguration section */
		8C14B9A723A5966300C4FA58 /* Debug */ = {
			isa = XCBuildConfiguration;
			buildSettings = {
				ALWAYS_SEARCH_USER_PATHS = NO;
				CLANG_ANALYZER_NONNULL = YES;
				CLANG_ANALYZER_NUMBER_OBJECT_CONVERSION = YES_AGGRESSIVE;
				CLANG_CXX_LANGUAGE_STANDARD = "gnu++14";
				CLANG_CXX_LIBRARY = "libc++";
				CLANG_ENABLE_MODULES = YES;
				CLANG_ENABLE_OBJC_ARC = YES;
				CLANG_ENABLE_OBJC_WEAK = YES;
				CLANG_WARN_BLOCK_CAPTURE_AUTORELEASING = YES;
				CLANG_WARN_BOOL_CONVERSION = YES;
				CLANG_WARN_COMMA = YES;
				CLANG_WARN_CONSTANT_CONVERSION = YES;
				CLANG_WARN_DEPRECATED_OBJC_IMPLEMENTATIONS = YES;
				CLANG_WARN_DIRECT_OBJC_ISA_USAGE = YES_ERROR;
				CLANG_WARN_DOCUMENTATION_COMMENTS = YES;
				CLANG_WARN_EMPTY_BODY = YES;
				CLANG_WARN_ENUM_CONVERSION = YES;
				CLANG_WARN_INFINITE_RECURSION = YES;
				CLANG_WARN_INT_CONVERSION = YES;
				CLANG_WARN_NON_LITERAL_NULL_CONVERSION = YES;
				CLANG_WARN_OBJC_IMPLICIT_RETAIN_SELF = YES;
				CLANG_WARN_OBJC_LITERAL_CONVERSION = YES;
				CLANG_WARN_OBJC_ROOT_CLASS = YES_ERROR;
				CLANG_WARN_RANGE_LOOP_ANALYSIS = YES;
				CLANG_WARN_STRICT_PROTOTYPES = YES;
				CLANG_WARN_SUSPICIOUS_MOVE = YES;
				CLANG_WARN_UNGUARDED_AVAILABILITY = YES_AGGRESSIVE;
				CLANG_WARN_UNREACHABLE_CODE = YES;
				CLANG_WARN__DUPLICATE_METHOD_MATCH = YES;
				COPY_PHASE_STRIP = NO;
				DEBUG_INFORMATION_FORMAT = dwarf;
				ENABLE_STRICT_OBJC_MSGSEND = YES;
				ENABLE_TESTABILITY = YES;
				GCC_C_LANGUAGE_STANDARD = gnu11;
				GCC_DYNAMIC_NO_PIC = NO;
				GCC_NO_COMMON_BLOCKS = YES;
				GCC_OPTIMIZATION_LEVEL = 0;
				GCC_PREPROCESSOR_DEFINITIONS = (
					"DEBUG=1",
					"$(inherited)",
				);
				GCC_WARN_64_TO_32_BIT_CONVERSION = YES;
				GCC_WARN_ABOUT_RETURN_TYPE = YES_ERROR;
				GCC_WARN_UNDECLARED_SELECTOR = YES;
				GCC_WARN_UNINITIALIZED_AUTOS = YES_AGGRESSIVE;
				GCC_WARN_UNUSED_FUNCTION = YES;
				GCC_WARN_UNUSED_VARIABLE = YES;
				IPHONEOS_DEPLOYMENT_TARGET = 13.2;
				MTL_ENABLE_DEBUG_INFO = INCLUDE_SOURCE;
				MTL_FAST_MATH = YES;
				ONLY_ACTIVE_ARCH = YES;
				SDKROOT = iphoneos;
				SWIFT_ACTIVE_COMPILATION_CONDITIONS = DEBUG;
				SWIFT_OPTIMIZATION_LEVEL = "-Onone";
			};
			name = Debug;
		};
		8C14B9A823A5966300C4FA58 /* Release */ = {
			isa = XCBuildConfiguration;
			buildSettings = {
				ALWAYS_SEARCH_USER_PATHS = NO;
				CLANG_ANALYZER_NONNULL = YES;
				CLANG_ANALYZER_NUMBER_OBJECT_CONVERSION = YES_AGGRESSIVE;
				CLANG_CXX_LANGUAGE_STANDARD = "gnu++14";
				CLANG_CXX_LIBRARY = "libc++";
				CLANG_ENABLE_MODULES = YES;
				CLANG_ENABLE_OBJC_ARC = YES;
				CLANG_ENABLE_OBJC_WEAK = YES;
				CLANG_WARN_BLOCK_CAPTURE_AUTORELEASING = YES;
				CLANG_WARN_BOOL_CONVERSION = YES;
				CLANG_WARN_COMMA = YES;
				CLANG_WARN_CONSTANT_CONVERSION = YES;
				CLANG_WARN_DEPRECATED_OBJC_IMPLEMENTATIONS = YES;
				CLANG_WARN_DIRECT_OBJC_ISA_USAGE = YES_ERROR;
				CLANG_WARN_DOCUMENTATION_COMMENTS = YES;
				CLANG_WARN_EMPTY_BODY = YES;
				CLANG_WARN_ENUM_CONVERSION = YES;
				CLANG_WARN_INFINITE_RECURSION = YES;
				CLANG_WARN_INT_CONVERSION = YES;
				CLANG_WARN_NON_LITERAL_NULL_CONVERSION = YES;
				CLANG_WARN_OBJC_IMPLICIT_RETAIN_SELF = YES;
				CLANG_WARN_OBJC_LITERAL_CONVERSION = YES;
				CLANG_WARN_OBJC_ROOT_CLASS = YES_ERROR;
				CLANG_WARN_RANGE_LOOP_ANALYSIS = YES;
				CLANG_WARN_STRICT_PROTOTYPES = YES;
				CLANG_WARN_SUSPICIOUS_MOVE = YES;
				CLANG_WARN_UNGUARDED_AVAILABILITY = YES_AGGRESSIVE;
				CLANG_WARN_UNREACHABLE_CODE = YES;
				CLANG_WARN__DUPLICATE_METHOD_MATCH = YES;
				COPY_PHASE_STRIP = NO;
				DEBUG_INFORMATION_FORMAT = "dwarf-with-dsym";
				ENABLE_NS_ASSERTIONS = NO;
				ENABLE_STRICT_OBJC_MSGSEND = YES;
				GCC_C_LANGUAGE_STANDARD = gnu11;
				GCC_NO_COMMON_BLOCKS = YES;
				GCC_WARN_64_TO_32_BIT_CONVERSION = YES;
				GCC_WARN_ABOUT_RETURN_TYPE = YES_ERROR;
				GCC_WARN_UNDECLARED_SELECTOR = YES;
				GCC_WARN_UNINITIALIZED_AUTOS = YES_AGGRESSIVE;
				GCC_WARN_UNUSED_FUNCTION = YES;
				GCC_WARN_UNUSED_VARIABLE = YES;
				IPHONEOS_DEPLOYMENT_TARGET = 13.2;
				MTL_ENABLE_DEBUG_INFO = NO;
				MTL_FAST_MATH = YES;
				SDKROOT = iphoneos;
				SWIFT_COMPILATION_MODE = wholemodule;
				SWIFT_OPTIMIZATION_LEVEL = "-O";
				VALIDATE_PRODUCT = YES;
			};
			name = Release;
		};
		8C14B9AA23A5966300C4FA58 /* Debug */ = {
			isa = XCBuildConfiguration;
			baseConfigurationReference = F17E8551F081399E2D0BFF69 /* Pods-Capme.debug.xcconfig */;
			buildSettings = {
				ASSETCATALOG_COMPILER_APPICON_NAME = AppIcon;
				CODE_SIGN_STYLE = Automatic;
				DEVELOPMENT_TEAM = PEB6PV8M5G;
				INFOPLIST_FILE = Capme/Info.plist;
				LD_RUNPATH_SEARCH_PATHS = (
					"$(inherited)",
					"@executable_path/Frameworks",
				);
				PRODUCT_BUNDLE_IDENTIFIER = gwilson43.Capme;
				PRODUCT_NAME = "$(TARGET_NAME)";
				SWIFT_VERSION = 5.0;
				TARGETED_DEVICE_FAMILY = "1,2";
			};
			name = Debug;
		};
		8C14B9AB23A5966300C4FA58 /* Release */ = {
			isa = XCBuildConfiguration;
			baseConfigurationReference = 70B2B02633719DADC0106CBA /* Pods-Capme.release.xcconfig */;
			buildSettings = {
				ASSETCATALOG_COMPILER_APPICON_NAME = AppIcon;
				CODE_SIGN_STYLE = Automatic;
				DEVELOPMENT_TEAM = PEB6PV8M5G;
				INFOPLIST_FILE = Capme/Info.plist;
				LD_RUNPATH_SEARCH_PATHS = (
					"$(inherited)",
					"@executable_path/Frameworks",
				);
				PRODUCT_BUNDLE_IDENTIFIER = gwilson43.Capme;
				PRODUCT_NAME = "$(TARGET_NAME)";
				SWIFT_VERSION = 5.0;
				TARGETED_DEVICE_FAMILY = "1,2";
			};
			name = Release;
		};
		8C14B9AD23A5966300C4FA58 /* Debug */ = {
			isa = XCBuildConfiguration;
			baseConfigurationReference = FE9108EDDCDC7551790A8120 /* Pods-CapmeTests.debug.xcconfig */;
			buildSettings = {
				ALWAYS_EMBED_SWIFT_STANDARD_LIBRARIES = YES;
				BUNDLE_LOADER = "$(TEST_HOST)";
				CODE_SIGN_STYLE = Automatic;
				INFOPLIST_FILE = CapmeTests/Info.plist;
				IPHONEOS_DEPLOYMENT_TARGET = 13.2;
				LD_RUNPATH_SEARCH_PATHS = (
					"$(inherited)",
					"@executable_path/Frameworks",
					"@loader_path/Frameworks",
				);
				PRODUCT_BUNDLE_IDENTIFIER = gwilson43.CapmeTests;
				PRODUCT_NAME = "$(TARGET_NAME)";
				SWIFT_VERSION = 5.0;
				TARGETED_DEVICE_FAMILY = "1,2";
				TEST_HOST = "$(BUILT_PRODUCTS_DIR)/Capme.app/Capme";
			};
			name = Debug;
		};
		8C14B9AE23A5966300C4FA58 /* Release */ = {
			isa = XCBuildConfiguration;
			baseConfigurationReference = 919ED97A427637D1B68F5761 /* Pods-CapmeTests.release.xcconfig */;
			buildSettings = {
				ALWAYS_EMBED_SWIFT_STANDARD_LIBRARIES = YES;
				BUNDLE_LOADER = "$(TEST_HOST)";
				CODE_SIGN_STYLE = Automatic;
				INFOPLIST_FILE = CapmeTests/Info.plist;
				IPHONEOS_DEPLOYMENT_TARGET = 13.2;
				LD_RUNPATH_SEARCH_PATHS = (
					"$(inherited)",
					"@executable_path/Frameworks",
					"@loader_path/Frameworks",
				);
				PRODUCT_BUNDLE_IDENTIFIER = gwilson43.CapmeTests;
				PRODUCT_NAME = "$(TARGET_NAME)";
				SWIFT_VERSION = 5.0;
				TARGETED_DEVICE_FAMILY = "1,2";
				TEST_HOST = "$(BUILT_PRODUCTS_DIR)/Capme.app/Capme";
			};
			name = Release;
		};
		8C14B9B023A5966300C4FA58 /* Debug */ = {
			isa = XCBuildConfiguration;
			baseConfigurationReference = BCF4157331C7ABA7E6C4DE8B /* Pods-Capme-CapmeUITests.debug.xcconfig */;
			buildSettings = {
				ALWAYS_EMBED_SWIFT_STANDARD_LIBRARIES = YES;
				CODE_SIGN_STYLE = Automatic;
				INFOPLIST_FILE = CapmeUITests/Info.plist;
				LD_RUNPATH_SEARCH_PATHS = (
					"$(inherited)",
					"@executable_path/Frameworks",
					"@loader_path/Frameworks",
				);
				PRODUCT_BUNDLE_IDENTIFIER = gwilson43.CapmeUITests;
				PRODUCT_NAME = "$(TARGET_NAME)";
				SWIFT_VERSION = 5.0;
				TARGETED_DEVICE_FAMILY = "1,2";
				TEST_TARGET_NAME = Capme;
			};
			name = Debug;
		};
		8C14B9B123A5966300C4FA58 /* Release */ = {
			isa = XCBuildConfiguration;
			baseConfigurationReference = E121FA960D3D9A7A3F4D8F10 /* Pods-Capme-CapmeUITests.release.xcconfig */;
			buildSettings = {
				ALWAYS_EMBED_SWIFT_STANDARD_LIBRARIES = YES;
				CODE_SIGN_STYLE = Automatic;
				INFOPLIST_FILE = CapmeUITests/Info.plist;
				LD_RUNPATH_SEARCH_PATHS = (
					"$(inherited)",
					"@executable_path/Frameworks",
					"@loader_path/Frameworks",
				);
				PRODUCT_BUNDLE_IDENTIFIER = gwilson43.CapmeUITests;
				PRODUCT_NAME = "$(TARGET_NAME)";
				SWIFT_VERSION = 5.0;
				TARGETED_DEVICE_FAMILY = "1,2";
				TEST_TARGET_NAME = Capme;
			};
			name = Release;
		};
/* End XCBuildConfiguration section */

/* Begin XCConfigurationList section */
		8C14B97A23A5966200C4FA58 /* Build configuration list for PBXProject "Capme" */ = {
			isa = XCConfigurationList;
			buildConfigurations = (
				8C14B9A723A5966300C4FA58 /* Debug */,
				8C14B9A823A5966300C4FA58 /* Release */,
			);
			defaultConfigurationIsVisible = 0;
			defaultConfigurationName = Release;
		};
		8C14B9A923A5966300C4FA58 /* Build configuration list for PBXNativeTarget "Capme" */ = {
			isa = XCConfigurationList;
			buildConfigurations = (
				8C14B9AA23A5966300C4FA58 /* Debug */,
				8C14B9AB23A5966300C4FA58 /* Release */,
			);
			defaultConfigurationIsVisible = 0;
			defaultConfigurationName = Release;
		};
		8C14B9AC23A5966300C4FA58 /* Build configuration list for PBXNativeTarget "CapmeTests" */ = {
			isa = XCConfigurationList;
			buildConfigurations = (
				8C14B9AD23A5966300C4FA58 /* Debug */,
				8C14B9AE23A5966300C4FA58 /* Release */,
			);
			defaultConfigurationIsVisible = 0;
			defaultConfigurationName = Release;
		};
		8C14B9AF23A5966300C4FA58 /* Build configuration list for PBXNativeTarget "CapmeUITests" */ = {
			isa = XCConfigurationList;
			buildConfigurations = (
				8C14B9B023A5966300C4FA58 /* Debug */,
				8C14B9B123A5966300C4FA58 /* Release */,
			);
			defaultConfigurationIsVisible = 0;
			defaultConfigurationName = Release;
		};
/* End XCConfigurationList section */
	};
	rootObject = 8C14B97723A5966200C4FA58 /* Project object */;
}
